
Microsoft Visual Studio Solution File, Format Version 12.00
# Visual Studio 15
VisualStudioVersion = 15.0.27130.2027
MinimumVisualStudioVersion = 10.0.40219.1
Project("{9A19103F-16F7-4668-BE54-9A1E7A4F7556}") = "ProjectEuler.Problems", "ProjectEuler.Problems\ProjectEuler.Problems.csproj", "{CF60515F-A94E-4277-BB4F-555378800C4B}"
EndProject
Project("{9A19103F-16F7-4668-BE54-9A1E7A4F7556}") = "ProjectEuler.WindowsForms", "ProjectEuler.WindowsForms\ProjectEuler.WindowsForms.csproj", "{03D4C250-2A20-4659-8F70-B6973E69D785}"
EndProject
Global
	GlobalSection(SolutionConfigurationPlatforms) = preSolution
		Debug|Any CPU = Debug|Any CPU
		Debug|x86 = Debug|x86
		Release|Any CPU = Release|Any CPU
		Release|x86 = Release|x86
	EndGlobalSection
	GlobalSection(ProjectConfigurationPlatforms) = postSolution
		{CF60515F-A94E-4277-BB4F-555378800C4B}.Debug|Any CPU.ActiveCfg = Debug|x86
		{CF60515F-A94E-4277-BB4F-555378800C4B}.Debug|Any CPU.Build.0 = Debug|x86
		{CF60515F-A94E-4277-BB4F-555378800C4B}.Debug|x86.ActiveCfg = Debug|x86
		{CF60515F-A94E-4277-BB4F-555378800C4B}.Debug|x86.Build.0 = Debug|x86
		{CF60515F-A94E-4277-BB4F-555378800C4B}.Release|Any CPU.ActiveCfg = Release|Any CPU
		{CF60515F-A94E-4277-BB4F-555378800C4B}.Release|Any CPU.Build.0 = Release|Any CPU
		{CF60515F-A94E-4277-BB4F-555378800C4B}.Release|x86.ActiveCfg = Release|x86
		{CF60515F-A94E-4277-BB4F-555378800C4B}.Release|x86.Build.0 = Release|x86
		{03D4C250-2A20-4659-8F70-B6973E69D785}.Debug|Any CPU.ActiveCfg = Debug|x86
		{03D4C250-2A20-4659-8F70-B6973E69D785}.Debug|Any CPU.Build.0 = Debug|x86
		{03D4C250-2A20-4659-8F70-B6973E69D785}.Debug|x86.ActiveCfg = Debug|x86
		{03D4C250-2A20-4659-8F70-B6973E69D785}.Debug|x86.Build.0 = Debug|x86
		{03D4C250-2A20-4659-8F70-B6973E69D785}.Release|Any CPU.ActiveCfg = Release|Any CPU
		{03D4C250-2A20-4659-8F70-B6973E69D785}.Release|Any CPU.Build.0 = Release|Any CPU
		{03D4C250-2A20-4659-8F70-B6973E69D785}.Release|x86.ActiveCfg = Release|x86
		{03D4C250-2A20-4659-8F70-B6973E69D785}.Release|x86.Build.0 = Release|x86
	EndGlobalSection
	GlobalSection(SolutionProperties) = preSolution
		HideSolutionNode = FALSE
	EndGlobalSection
	GlobalSection(ExtensibilityGlobals) = postSolution
		SolutionGuid = {B5A282EB-2739-4B79-B38C-B279D33BB99B}
	EndGlobalSection
EndGlobal
